// !$*UTF8*$!
{
	archiveVersion = 1;
	classes = {
	};
	objectVersion = 46;
	objects = {

/* Begin PBXBuildFile section */
		9601A51916DC64830050CD14 /* Icon.png in Resources */ = {isa = PBXBuildFile; fileRef = 9601A51816DC64830050CD14 /* Icon.png */; };
		9601A51B16DC64B00050CD14 /* Icon@2x.png in Resources */ = {isa = PBXBuildFile; fileRef = 9601A51A16DC64B00050CD14 /* Icon@2x.png */; };
		960575FA1682B3BB009AA40A /* MWZEpisodeTableViewCell.m in Sources */ = {isa = PBXBuildFile; fileRef = 960575F91682B3BB009AA40A /* MWZEpisodeTableViewCell.m */; };
		9618953016E594EB007D3178 /* Localizable.strings in Resources */ = {isa = PBXBuildFile; fileRef = 9618952F16E594EB007D3178 /* Localizable.strings */; };
		9618953216E59857007D3178 /* SystemConfiguration.framework in Frameworks */ = {isa = PBXBuildFile; fileRef = 9618953116E59857007D3178 /* SystemConfiguration.framework */; };
		9618953616E59986007D3178 /* Reachability.m in Sources */ = {isa = PBXBuildFile; fileRef = 9618953516E59986007D3178 /* Reachability.m */; settings = {COMPILER_FLAGS = "-fno-objc-arc"; }; };
		9618953916E5A13D007D3178 /* MWZSharedReachability.m in Sources */ = {isa = PBXBuildFile; fileRef = 9618953816E5A13D007D3178 /* MWZSharedReachability.m */; };
		96269F5016DC4CA8007D96BF /* montcoRadioLogo.png in Resources */ = {isa = PBXBuildFile; fileRef = 96269F4E16DC4CA8007D96BF /* montcoRadioLogo.png */; };
		96269F5116DC4CA8007D96BF /* montcoRadioLogo@2x.png in Resources */ = {isa = PBXBuildFile; fileRef = 96269F4F16DC4CA8007D96BF /* montcoRadioLogo@2x.png */; };
		96269F5416DC4E47007D96BF /* ONA_MC3_logo.png in Resources */ = {isa = PBXBuildFile; fileRef = 96269F5216DC4E47007D96BF /* ONA_MC3_logo.png */; };
		96269F5516DC4E47007D96BF /* ONA_MC3_logo@2x.png in Resources */ = {isa = PBXBuildFile; fileRef = 96269F5316DC4E47007D96BF /* ONA_MC3_logo@2x.png */; };
		963D0A681625E68400F24931 /* MWZAboutViewController.m in Sources */ = {isa = PBXBuildFile; fileRef = 963D0A671625E68400F24931 /* MWZAboutViewController.m */; };
		963D0A6E1625E8A200F24931 /* showData.plist in Resources */ = {isa = PBXBuildFile; fileRef = 963D0A6D1625E8A200F24931 /* showData.plist */; };
		963D0A751625EAE400F24931 /* 59-info.png in Resources */ = {isa = PBXBuildFile; fileRef = 963D0A731625EAE400F24931 /* 59-info.png */; };
		963D0A761625EAE400F24931 /* 59-info@2x.png in Resources */ = {isa = PBXBuildFile; fileRef = 963D0A741625EAE400F24931 /* 59-info@2x.png */; };
		963D0A771625EB8600F24931 /* MainStoryboard.storyboard in Resources */ = {isa = PBXBuildFile; fileRef = 9690F46D161629E700C04E0F /* MainStoryboard.storyboard */; };
		963D0A7A1625F5EC00F24931 /* UIViewController+ErrorMessage.m in Sources */ = {isa = PBXBuildFile; fileRef = 963D0A791625F5EC00F24931 /* UIViewController+ErrorMessage.m */; };
		963D0A7C1625FA3500F24931 /* MessageUI.framework in Frameworks */ = {isa = PBXBuildFile; fileRef = 963D0A7B1625FA3400F24931 /* MessageUI.framework */; };
		963D0A7E1625FCC500F24931 /* Social.framework in Frameworks */ = {isa = PBXBuildFile; fileRef = 963D0A7D1625FCC500F24931 /* Social.framework */; };
		963D0A8016260EC400F24931 /* About.html in Resources */ = {isa = PBXBuildFile; fileRef = 963D0A7F16260EC400F24931 /* About.html */; };
		9651B11E16265A0500FD7DB9 /* AudioToolbox.framework in Frameworks */ = {isa = PBXBuildFile; fileRef = 9651B11D16265A0500FD7DB9 /* AudioToolbox.framework */; };
		96548D4A1613A629008A0C10 /* 83-calendar.png in Resources */ = {isa = PBXBuildFile; fileRef = 96548D461613A629008A0C10 /* 83-calendar.png */; };
		96548D4B1613A629008A0C10 /* 83-calendar@2x.png in Resources */ = {isa = PBXBuildFile; fileRef = 96548D471613A629008A0C10 /* 83-calendar@2x.png */; };
		96548D4E1613A66A008A0C10 /* 194-note-2.png in Resources */ = {isa = PBXBuildFile; fileRef = 96548D4C1613A66A008A0C10 /* 194-note-2.png */; };
		96548D4F1613A66A008A0C10 /* 194-note-2@2x.png in Resources */ = {isa = PBXBuildFile; fileRef = 96548D4D1613A66A008A0C10 /* 194-note-2@2x.png */; };
		966133FA1613DC840075F8CE /* MediaPlayer.framework in Frameworks */ = {isa = PBXBuildFile; fileRef = 966133F91613DC840075F8CE /* MediaPlayer.framework */; };
		967725D51611231F00D76B78 /* UIKit.framework in Frameworks */ = {isa = PBXBuildFile; fileRef = 967725D41611231F00D76B78 /* UIKit.framework */; };
		967725D71611231F00D76B78 /* Foundation.framework in Frameworks */ = {isa = PBXBuildFile; fileRef = 967725D61611231F00D76B78 /* Foundation.framework */; };
		967725D91611231F00D76B78 /* CoreGraphics.framework in Frameworks */ = {isa = PBXBuildFile; fileRef = 967725D81611231F00D76B78 /* CoreGraphics.framework */; };
		967725E11611231F00D76B78 /* main.m in Sources */ = {isa = PBXBuildFile; fileRef = 967725E01611231F00D76B78 /* main.m */; };
		967725E51611231F00D76B78 /* MWZAppDelegate.m in Sources */ = {isa = PBXBuildFile; fileRef = 967725E41611231F00D76B78 /* MWZAppDelegate.m */; };
		967725E71611231F00D76B78 /* Default.png in Resources */ = {isa = PBXBuildFile; fileRef = 967725E61611231F00D76B78 /* Default.png */; };
		967725E91611231F00D76B78 /* Default@2x.png in Resources */ = {isa = PBXBuildFile; fileRef = 967725E81611231F00D76B78 /* Default@2x.png */; };
		967725EB1611231F00D76B78 /* Default-568h@2x.png in Resources */ = {isa = PBXBuildFile; fileRef = 967725EA1611231F00D76B78 /* Default-568h@2x.png */; };
		967725F11611231F00D76B78 /* MWZStreamViewController.m in Sources */ = {isa = PBXBuildFile; fileRef = 967725F01611231F00D76B78 /* MWZStreamViewController.m */; };
		967725F81611231F00D76B78 /* MWZScheduleViewController.m in Sources */ = {isa = PBXBuildFile; fileRef = 967725F71611231F00D76B78 /* MWZScheduleViewController.m */; };
		96AE63451614B92A00469E0F /* AVFoundation.framework in Frameworks */ = {isa = PBXBuildFile; fileRef = 96AE63441614B92A00469E0F /* AVFoundation.framework */; };
		96DEE37916E535C200402BB0 /* mccc2choriz.jpg in Resources */ = {isa = PBXBuildFile; fileRef = 96DEE37816E535C200402BB0 /* mccc2choriz.jpg */; };
		96DF550416DC0CC70038DAD1 /* CoreMedia.framework in Frameworks */ = {isa = PBXBuildFile; fileRef = 96DF550316DC0CC70038DAD1 /* CoreMedia.framework */; };
		C5E5946C168226B600FF53EA /* 66-microphone.png in Resources */ = {isa = PBXBuildFile; fileRef = C5E5946A168226B600FF53EA /* 66-microphone.png */; };
		C5E5946D168226B600FF53EA /* 66-microphone@2x.png in Resources */ = {isa = PBXBuildFile; fileRef = C5E5946B168226B600FF53EA /* 66-microphone@2x.png */; };
		C5E594751682382000FF53EA /* MWZPodcastShowListViewController.m in Sources */ = {isa = PBXBuildFile; fileRef = C5E594741682382000FF53EA /* MWZPodcastShowListViewController.m */; };
		C5E59478168238D900FF53EA /* MWZPodcastEpisodeListViewController.m in Sources */ = {isa = PBXBuildFile; fileRef = C5E59477168238D900FF53EA /* MWZPodcastEpisodeListViewController.m */; };
		C5E5947B1682395300FF53EA /* MWZPodcastPlayerViewController.m in Sources */ = {isa = PBXBuildFile; fileRef = C5E5947A1682395300FF53EA /* MWZPodcastPlayerViewController.m */; };
		C5E5947E168242D300FF53EA /* MWZPodcastEpisode.m in Sources */ = {isa = PBXBuildFile; fileRef = C5E5947D168242D300FF53EA /* MWZPodcastEpisode.m */; };
/* End PBXBuildFile section */

/* Begin PBXFileReference section */
		9601A51816DC64830050CD14 /* Icon.png */ = {isa = PBXFileReference; lastKnownFileType = image.png; name = Icon.png; path = ../Icon.png; sourceTree = "<group>"; };
		9601A51A16DC64B00050CD14 /* Icon@2x.png */ = {isa = PBXFileReference; lastKnownFileType = image.png; name = "Icon@2x.png"; path = "../Icon@2x.png"; sourceTree = "<group>"; };
		960575F81682B3BB009AA40A /* MWZEpisodeTableViewCell.h */ = {isa = PBXFileReference; fileEncoding = 4; lastKnownFileType = sourcecode.c.h; path = MWZEpisodeTableViewCell.h; sourceTree = "<group>"; };
		960575F91682B3BB009AA40A /* MWZEpisodeTableViewCell.m */ = {isa = PBXFileReference; fileEncoding = 4; lastKnownFileType = sourcecode.c.objc; path = MWZEpisodeTableViewCell.m; sourceTree = "<group>"; };
		9618952F16E594EB007D3178 /* Localizable.strings */ = {isa = PBXFileReference; fileEncoding = 4; lastKnownFileType = text.plist.strings; path = Localizable.strings; sourceTree = "<group>"; };
		9618953116E59857007D3178 /* SystemConfiguration.framework */ = {isa = PBXFileReference; lastKnownFileType = wrapper.framework; name = SystemConfiguration.framework; path = System/Library/Frameworks/SystemConfiguration.framework; sourceTree = SDKROOT; };
		9618953416E59986007D3178 /* Reachability.h */ = {isa = PBXFileReference; fileEncoding = 4; lastKnownFileType = sourcecode.c.h; path = Reachability.h; sourceTree = "<group>"; };
		9618953516E59986007D3178 /* Reachability.m */ = {isa = PBXFileReference; fileEncoding = 4; lastKnownFileType = sourcecode.c.objc; path = Reachability.m; sourceTree = "<group>"; };
		9618953716E5A13D007D3178 /* MWZSharedReachability.h */ = {isa = PBXFileReference; fileEncoding = 4; lastKnownFileType = sourcecode.c.h; path = MWZSharedReachability.h; sourceTree = "<group>"; };
		9618953816E5A13D007D3178 /* MWZSharedReachability.m */ = {isa = PBXFileReference; fileEncoding = 4; lastKnownFileType = sourcecode.c.objc; path = MWZSharedReachability.m; sourceTree = "<group>"; };
		96269F4E16DC4CA8007D96BF /* montcoRadioLogo.png */ = {isa = PBXFileReference; lastKnownFileType = image.png; path = montcoRadioLogo.png; sourceTree = "<group>"; };
		96269F4F16DC4CA8007D96BF /* montcoRadioLogo@2x.png */ = {isa = PBXFileReference; lastKnownFileType = image.png; path = "montcoRadioLogo@2x.png"; sourceTree = "<group>"; };
		96269F5216DC4E47007D96BF /* ONA_MC3_logo.png */ = {isa = PBXFileReference; lastKnownFileType = image.png; path = ONA_MC3_logo.png; sourceTree = "<group>"; };
		96269F5316DC4E47007D96BF /* ONA_MC3_logo@2x.png */ = {isa = PBXFileReference; lastKnownFileType = image.png; path = "ONA_MC3_logo@2x.png"; sourceTree = "<group>"; };
		963D0A661625E68400F24931 /* MWZAboutViewController.h */ = {isa = PBXFileReference; fileEncoding = 4; lastKnownFileType = sourcecode.c.h; path = MWZAboutViewController.h; sourceTree = "<group>"; };
		963D0A671625E68400F24931 /* MWZAboutViewController.m */ = {isa = PBXFileReference; fileEncoding = 4; lastKnownFileType = sourcecode.c.objc; path = MWZAboutViewController.m; sourceTree = "<group>"; };
		963D0A6D1625E8A200F24931 /* showData.plist */ = {isa = PBXFileReference; fileEncoding = 4; lastKnownFileType = text.plist.xml; path = showData.plist; sourceTree = "<group>"; };
		963D0A731625EAE400F24931 /* 59-info.png */ = {isa = PBXFileReference; lastKnownFileType = image.png; path = "59-info.png"; sourceTree = "<group>"; };
		963D0A741625EAE400F24931 /* 59-info@2x.png */ = {isa = PBXFileReference; lastKnownFileType = image.png; path = "59-info@2x.png"; sourceTree = "<group>"; };
		963D0A781625F5EC00F24931 /* UIViewController+ErrorMessage.h */ = {isa = PBXFileReference; fileEncoding = 4; lastKnownFileType = sourcecode.c.h; path = "UIViewController+ErrorMessage.h"; sourceTree = "<group>"; };
		963D0A791625F5EC00F24931 /* UIViewController+ErrorMessage.m */ = {isa = PBXFileReference; fileEncoding = 4; lastKnownFileType = sourcecode.c.objc; path = "UIViewController+ErrorMessage.m"; sourceTree = "<group>"; };
		963D0A7B1625FA3400F24931 /* MessageUI.framework */ = {isa = PBXFileReference; lastKnownFileType = wrapper.framework; name = MessageUI.framework; path = System/Library/Frameworks/MessageUI.framework; sourceTree = SDKROOT; };
		963D0A7D1625FCC500F24931 /* Social.framework */ = {isa = PBXFileReference; lastKnownFileType = wrapper.framework; name = Social.framework; path = System/Library/Frameworks/Social.framework; sourceTree = SDKROOT; };
		963D0A7F16260EC400F24931 /* About.html */ = {isa = PBXFileReference; fileEncoding = 4; lastKnownFileType = text.html; path = About.html; sourceTree = "<group>"; };
		9651B11D16265A0500FD7DB9 /* AudioToolbox.framework */ = {isa = PBXFileReference; lastKnownFileType = wrapper.framework; name = AudioToolbox.framework; path = System/Library/Frameworks/AudioToolbox.framework; sourceTree = SDKROOT; };
		96548D461613A629008A0C10 /* 83-calendar.png */ = {isa = PBXFileReference; lastKnownFileType = image.png; path = "83-calendar.png"; sourceTree = "<group>"; };
		96548D471613A629008A0C10 /* 83-calendar@2x.png */ = {isa = PBXFileReference; lastKnownFileType = image.png; path = "83-calendar@2x.png"; sourceTree = "<group>"; };
		96548D4C1613A66A008A0C10 /* 194-note-2.png */ = {isa = PBXFileReference; lastKnownFileType = image.png; path = "194-note-2.png"; sourceTree = "<group>"; };
		96548D4D1613A66A008A0C10 /* 194-note-2@2x.png */ = {isa = PBXFileReference; lastKnownFileType = image.png; path = "194-note-2@2x.png"; sourceTree = "<group>"; };
		966133F91613DC840075F8CE /* MediaPlayer.framework */ = {isa = PBXFileReference; lastKnownFileType = wrapper.framework; name = MediaPlayer.framework; path = System/Library/Frameworks/MediaPlayer.framework; sourceTree = SDKROOT; };
		967725D01611231F00D76B78 /* MWZRadioStationStreamer.app */ = {isa = PBXFileReference; explicitFileType = wrapper.application; includeInIndex = 0; path = MWZRadioStationStreamer.app; sourceTree = BUILT_PRODUCTS_DIR; };
		967725D41611231F00D76B78 /* UIKit.framework */ = {isa = PBXFileReference; lastKnownFileType = wrapper.framework; name = UIKit.framework; path = System/Library/Frameworks/UIKit.framework; sourceTree = SDKROOT; };
		967725D61611231F00D76B78 /* Foundation.framework */ = {isa = PBXFileReference; lastKnownFileType = wrapper.framework; name = Foundation.framework; path = System/Library/Frameworks/Foundation.framework; sourceTree = SDKROOT; };
		967725D81611231F00D76B78 /* CoreGraphics.framework */ = {isa = PBXFileReference; lastKnownFileType = wrapper.framework; name = CoreGraphics.framework; path = System/Library/Frameworks/CoreGraphics.framework; sourceTree = SDKROOT; };
		967725DC1611231F00D76B78 /* MWZRadioStationStreamer-Info.plist */ = {isa = PBXFileReference; lastKnownFileType = text.plist.xml; path = "MWZRadioStationStreamer-Info.plist"; sourceTree = "<group>"; };
		967725E01611231F00D76B78 /* main.m */ = {isa = PBXFileReference; lastKnownFileType = sourcecode.c.objc; path = main.m; sourceTree = "<group>"; };
		967725E21611231F00D76B78 /* MWZRadioStationStreamer-Prefix.pch */ = {isa = PBXFileReference; lastKnownFileType = sourcecode.c.h; path = "MWZRadioStationStreamer-Prefix.pch"; sourceTree = "<group>"; };
		967725E31611231F00D76B78 /* MWZAppDelegate.h */ = {isa = PBXFileReference; lastKnownFileType = sourcecode.c.h; path = MWZAppDelegate.h; sourceTree = "<group>"; };
		967725E41611231F00D76B78 /* MWZAppDelegate.m */ = {isa = PBXFileReference; lastKnownFileType = sourcecode.c.objc; path = MWZAppDelegate.m; sourceTree = "<group>"; };
		967725E61611231F00D76B78 /* Default.png */ = {isa = PBXFileReference; lastKnownFileType = image.png; path = Default.png; sourceTree = "<group>"; };
		967725E81611231F00D76B78 /* Default@2x.png */ = {isa = PBXFileReference; lastKnownFileType = image.png; path = "Default@2x.png"; sourceTree = "<group>"; };
		967725EA1611231F00D76B78 /* Default-568h@2x.png */ = {isa = PBXFileReference; lastKnownFileType = image.png; path = "Default-568h@2x.png"; sourceTree = "<group>"; };
		967725EF1611231F00D76B78 /* MWZStreamViewController.h */ = {isa = PBXFileReference; lastKnownFileType = sourcecode.c.h; path = MWZStreamViewController.h; sourceTree = "<group>"; };
		967725F01611231F00D76B78 /* MWZStreamViewController.m */ = {isa = PBXFileReference; lastKnownFileType = sourcecode.c.objc; path = MWZStreamViewController.m; sourceTree = "<group>"; };
		967725F61611231F00D76B78 /* MWZScheduleViewController.h */ = {isa = PBXFileReference; lastKnownFileType = sourcecode.c.h; path = MWZScheduleViewController.h; sourceTree = "<group>"; };
		967725F71611231F00D76B78 /* MWZScheduleViewController.m */ = {isa = PBXFileReference; lastKnownFileType = sourcecode.c.objc; path = MWZScheduleViewController.m; sourceTree = "<group>"; };
		9690F46E161629F700C04E0F /* Base */ = {isa = PBXFileReference; lastKnownFileType = file.storyboard; name = Base; path = Base.lproj/MainStoryboard.storyboard; sourceTree = "<group>"; };
		96AE63441614B92A00469E0F /* AVFoundation.framework */ = {isa = PBXFileReference; lastKnownFileType = wrapper.framework; name = AVFoundation.framework; path = System/Library/Frameworks/AVFoundation.framework; sourceTree = SDKROOT; };
		96DEE37816E535C200402BB0 /* mccc2choriz.jpg */ = {isa = PBXFileReference; lastKnownFileType = image.jpeg; path = mccc2choriz.jpg; sourceTree = "<group>"; };
		96DF550316DC0CC70038DAD1 /* CoreMedia.framework */ = {isa = PBXFileReference; lastKnownFileType = wrapper.framework; name = CoreMedia.framework; path = System/Library/Frameworks/CoreMedia.framework; sourceTree = SDKROOT; };
		C5E5946A168226B600FF53EA /* 66-microphone.png */ = {isa = PBXFileReference; lastKnownFileType = image.png; path = "66-microphone.png"; sourceTree = "<group>"; };
		C5E5946B168226B600FF53EA /* 66-microphone@2x.png */ = {isa = PBXFileReference; lastKnownFileType = image.png; path = "66-microphone@2x.png"; sourceTree = "<group>"; };
		C5E594731682382000FF53EA /* MWZPodcastShowListViewController.h */ = {isa = PBXFileReference; fileEncoding = 4; lastKnownFileType = sourcecode.c.h; path = MWZPodcastShowListViewController.h; sourceTree = "<group>"; };
		C5E594741682382000FF53EA /* MWZPodcastShowListViewController.m */ = {isa = PBXFileReference; fileEncoding = 4; lastKnownFileType = sourcecode.c.objc; path = MWZPodcastShowListViewController.m; sourceTree = "<group>"; };
		C5E59476168238D900FF53EA /* MWZPodcastEpisodeListViewController.h */ = {isa = PBXFileReference; fileEncoding = 4; lastKnownFileType = sourcecode.c.h; path = MWZPodcastEpisodeListViewController.h; sourceTree = "<group>"; };
		C5E59477168238D900FF53EA /* MWZPodcastEpisodeListViewController.m */ = {isa = PBXFileReference; fileEncoding = 4; lastKnownFileType = sourcecode.c.objc; path = MWZPodcastEpisodeListViewController.m; sourceTree = "<group>"; };
		C5E594791682395300FF53EA /* MWZPodcastPlayerViewController.h */ = {isa = PBXFileReference; fileEncoding = 4; lastKnownFileType = sourcecode.c.h; path = MWZPodcastPlayerViewController.h; sourceTree = "<group>"; };
		C5E5947A1682395300FF53EA /* MWZPodcastPlayerViewController.m */ = {isa = PBXFileReference; fileEncoding = 4; lastKnownFileType = sourcecode.c.objc; path = MWZPodcastPlayerViewController.m; sourceTree = "<group>"; };
		C5E5947C168242D300FF53EA /* MWZPodcastEpisode.h */ = {isa = PBXFileReference; fileEncoding = 4; lastKnownFileType = sourcecode.c.h; path = MWZPodcastEpisode.h; sourceTree = "<group>"; };
		C5E5947D168242D300FF53EA /* MWZPodcastEpisode.m */ = {isa = PBXFileReference; fileEncoding = 4; lastKnownFileType = sourcecode.c.objc; path = MWZPodcastEpisode.m; sourceTree = "<group>"; };
/* End PBXFileReference section */

/* Begin PBXFrameworksBuildPhase section */
		967725CD1611231F00D76B78 /* Frameworks */ = {
			isa = PBXFrameworksBuildPhase;
			buildActionMask = 2147483647;
			files = (
				9618953216E59857007D3178 /* SystemConfiguration.framework in Frameworks */,
				96DF550416DC0CC70038DAD1 /* CoreMedia.framework in Frameworks */,
				9651B11E16265A0500FD7DB9 /* AudioToolbox.framework in Frameworks */,
				963D0A7E1625FCC500F24931 /* Social.framework in Frameworks */,
				963D0A7C1625FA3500F24931 /* MessageUI.framework in Frameworks */,
				96AE63451614B92A00469E0F /* AVFoundation.framework in Frameworks */,
				966133FA1613DC840075F8CE /* MediaPlayer.framework in Frameworks */,
				967725D51611231F00D76B78 /* UIKit.framework in Frameworks */,
				967725D71611231F00D76B78 /* Foundation.framework in Frameworks */,
				967725D91611231F00D76B78 /* CoreGraphics.framework in Frameworks */,
			);
			runOnlyForDeploymentPostprocessing = 0;
		};
/* End PBXFrameworksBuildPhase section */

/* Begin PBXGroup section */
		9618953316E59920007D3178 /* App Images */ = {
			isa = PBXGroup;
			children = (
				9601A51A16DC64B00050CD14 /* Icon@2x.png */,
				9601A51816DC64830050CD14 /* Icon.png */,
				967725E61611231F00D76B78 /* Default.png */,
				967725E81611231F00D76B78 /* Default@2x.png */,
				967725EA1611231F00D76B78 /* Default-568h@2x.png */,
			);
			name = "App Images";
			sourceTree = "<group>";
		};
		963D0A5F1625E4E200F24931 /* About */ = {
			isa = PBXGroup;
			children = (
				96DEE37816E535C200402BB0 /* mccc2choriz.jpg */,
				963D0A731625EAE400F24931 /* 59-info.png */,
				963D0A741625EAE400F24931 /* 59-info@2x.png */,
				963D0A661625E68400F24931 /* MWZAboutViewController.h */,
				963D0A671625E68400F24931 /* MWZAboutViewController.m */,
				963D0A7F16260EC400F24931 /* About.html */,
			);
			name = About;
			sourceTree = "<group>";
		};
		96548D411613A46B008A0C10 /* Stream */ = {
			isa = PBXGroup;
			children = (
				96269F4E16DC4CA8007D96BF /* montcoRadioLogo.png */,
				96269F4F16DC4CA8007D96BF /* montcoRadioLogo@2x.png */,
				96548D4C1613A66A008A0C10 /* 194-note-2.png */,
				96548D4D1613A66A008A0C10 /* 194-note-2@2x.png */,
				967725EF1611231F00D76B78 /* MWZStreamViewController.h */,
				967725F01611231F00D76B78 /* MWZStreamViewController.m */,
			);
			name = Stream;
			sourceTree = "<group>";
		};
		96548D431613A485008A0C10 /* Schedule */ = {
			isa = PBXGroup;
			children = (
				963D0A6D1625E8A200F24931 /* showData.plist */,
				96548D461613A629008A0C10 /* 83-calendar.png */,
				96548D471613A629008A0C10 /* 83-calendar@2x.png */,
				967725F61611231F00D76B78 /* MWZScheduleViewController.h */,
				967725F71611231F00D76B78 /* MWZScheduleViewController.m */,
			);
			name = Schedule;
			sourceTree = "<group>";
		};
		967725C51611231F00D76B78 = {
			isa = PBXGroup;
			children = (
				967725DA1611231F00D76B78 /* MWZRadioStationStreamer */,
				967725D31611231F00D76B78 /* Frameworks */,
				967725D11611231F00D76B78 /* Products */,
			);
			sourceTree = "<group>";
		};
		967725D11611231F00D76B78 /* Products */ = {
			isa = PBXGroup;
			children = (
				967725D01611231F00D76B78 /* MWZRadioStationStreamer.app */,
			);
			name = Products;
			sourceTree = "<group>";
		};
		967725D31611231F00D76B78 /* Frameworks */ = {
			isa = PBXGroup;
			children = (
				9618953116E59857007D3178 /* SystemConfiguration.framework */,
				96DF550316DC0CC70038DAD1 /* CoreMedia.framework */,
				9651B11D16265A0500FD7DB9 /* AudioToolbox.framework */,
				963D0A7D1625FCC500F24931 /* Social.framework */,
				963D0A7B1625FA3400F24931 /* MessageUI.framework */,
				96AE63441614B92A00469E0F /* AVFoundation.framework */,
				966133F91613DC840075F8CE /* MediaPlayer.framework */,
				967725D41611231F00D76B78 /* UIKit.framework */,
				967725D61611231F00D76B78 /* Foundation.framework */,
				967725D81611231F00D76B78 /* CoreGraphics.framework */,
			);
			name = Frameworks;
			sourceTree = "<group>";
		};
		967725DA1611231F00D76B78 /* MWZRadioStationStreamer */ = {
			isa = PBXGroup;
			children = (
				C5E594681682267400FF53EA /* Podcasts */,
				963D0A5F1625E4E200F24931 /* About */,
				96548D431613A485008A0C10 /* Schedule */,
				96548D411613A46B008A0C10 /* Stream */,
				967725E31611231F00D76B78 /* MWZAppDelegate.h */,
				967725E41611231F00D76B78 /* MWZAppDelegate.m */,
				9690F46D161629E700C04E0F /* MainStoryboard.storyboard */,
				967725DB1611231F00D76B78 /* Supporting Files */,
			);
			path = MWZRadioStationStreamer;
			sourceTree = "<group>";
		};
		967725DB1611231F00D76B78 /* Supporting Files */ = {
			isa = PBXGroup;
			children = (
				9618953716E5A13D007D3178 /* MWZSharedReachability.h */,
				9618953816E5A13D007D3178 /* MWZSharedReachability.m */,
				9618953416E59986007D3178 /* Reachability.h */,
				9618953516E59986007D3178 /* Reachability.m */,
				9618953316E59920007D3178 /* App Images */,
				9618952F16E594EB007D3178 /* Localizable.strings */,
				967725DC1611231F00D76B78 /* MWZRadioStationStreamer-Info.plist */,
				967725E01611231F00D76B78 /* main.m */,
				967725E21611231F00D76B78 /* MWZRadioStationStreamer-Prefix.pch */,
				963D0A781625F5EC00F24931 /* UIViewController+ErrorMessage.h */,
				963D0A791625F5EC00F24931 /* UIViewController+ErrorMessage.m */,
			);
			name = "Supporting Files";
			sourceTree = "<group>";
		};
		C5E594681682267400FF53EA /* Podcasts */ = {
			isa = PBXGroup;
			children = (
				C5E5947216822CD000FF53EA /* Show Art */,
				C5E5946A168226B600FF53EA /* 66-microphone.png */,
				C5E5946B168226B600FF53EA /* 66-microphone@2x.png */,
				C5E594731682382000FF53EA /* MWZPodcastShowListViewController.h */,
				C5E594741682382000FF53EA /* MWZPodcastShowListViewController.m */,
				C5E59476168238D900FF53EA /* MWZPodcastEpisodeListViewController.h */,
				C5E59477168238D900FF53EA /* MWZPodcastEpisodeListViewController.m */,
				C5E594791682395300FF53EA /* MWZPodcastPlayerViewController.h */,
				C5E5947A1682395300FF53EA /* MWZPodcastPlayerViewController.m */,
				C5E5947C168242D300FF53EA /* MWZPodcastEpisode.h */,
				C5E5947D168242D300FF53EA /* MWZPodcastEpisode.m */,
				960575F81682B3BB009AA40A /* MWZEpisodeTableViewCell.h */,
				960575F91682B3BB009AA40A /* MWZEpisodeTableViewCell.m */,
			);
			name = Podcasts;
			sourceTree = "<group>";
		};
		C5E5947216822CD000FF53EA /* Show Art */ = {
			isa = PBXGroup;
			children = (
				96269F5216DC4E47007D96BF /* ONA_MC3_logo.png */,
				96269F5316DC4E47007D96BF /* ONA_MC3_logo@2x.png */,
			);
			name = "Show Art";
			sourceTree = "<group>";
		};
/* End PBXGroup section */

/* Begin PBXNativeTarget section */
		967725CF1611231F00D76B78 /* MWZRadioStationStreamer */ = {
			isa = PBXNativeTarget;
			buildConfigurationList = 967725FF1611231F00D76B78 /* Build configuration list for PBXNativeTarget "MWZRadioStationStreamer" */;
			buildPhases = (
				967725CC1611231F00D76B78 /* Sources */,
				967725CD1611231F00D76B78 /* Frameworks */,
				967725CE1611231F00D76B78 /* Resources */,
			);
			buildRules = (
			);
			dependencies = (
			);
			name = MWZRadioStationStreamer;
			productName = MWZRadioStationStreamer;
			productReference = 967725D01611231F00D76B78 /* MWZRadioStationStreamer.app */;
			productType = "com.apple.product-type.application";
		};
/* End PBXNativeTarget section */

/* Begin PBXProject section */
		967725C71611231F00D76B78 /* Project object */ = {
			isa = PBXProject;
			attributes = {
				CLASSPREFIX = MWZ;
				LastUpgradeCheck = 0450;
				ORGANIZATIONNAME = "Jason Wertz";
			};
			buildConfigurationList = 967725CA1611231F00D76B78 /* Build configuration list for PBXProject "MWZRadioStationStreamer" */;
			compatibilityVersion = "Xcode 3.2";
			developmentRegion = English;
			hasScannedForEncodings = 0;
			knownRegions = (
				en,
				es,
				Base,
			);
			mainGroup = 967725C51611231F00D76B78;
			productRefGroup = 967725D11611231F00D76B78 /* Products */;
			projectDirPath = "";
			projectRoot = "";
			targets = (
				967725CF1611231F00D76B78 /* MWZRadioStationStreamer */,
			);
		};
/* End PBXProject section */

/* Begin PBXResourcesBuildPhase section */
		967725CE1611231F00D76B78 /* Resources */ = {
			isa = PBXResourcesBuildPhase;
			buildActionMask = 2147483647;
			files = (
				963D0A771625EB8600F24931 /* MainStoryboard.storyboard in Resources */,
				967725E71611231F00D76B78 /* Default.png in Resources */,
				967725E91611231F00D76B78 /* Default@2x.png in Resources */,
				967725EB1611231F00D76B78 /* Default-568h@2x.png in Resources */,
				96548D4A1613A629008A0C10 /* 83-calendar.png in Resources */,
				96548D4B1613A629008A0C10 /* 83-calendar@2x.png in Resources */,
				96548D4E1613A66A008A0C10 /* 194-note-2.png in Resources */,
				96548D4F1613A66A008A0C10 /* 194-note-2@2x.png in Resources */,
				963D0A6E1625E8A200F24931 /* showData.plist in Resources */,
				963D0A751625EAE400F24931 /* 59-info.png in Resources */,
				963D0A761625EAE400F24931 /* 59-info@2x.png in Resources */,
				963D0A8016260EC400F24931 /* About.html in Resources */,
				C5E5946C168226B600FF53EA /* 66-microphone.png in Resources */,
				C5E5946D168226B600FF53EA /* 66-microphone@2x.png in Resources */,
				96269F5016DC4CA8007D96BF /* montcoRadioLogo.png in Resources */,
				96269F5116DC4CA8007D96BF /* montcoRadioLogo@2x.png in Resources */,
				96269F5416DC4E47007D96BF /* ONA_MC3_logo.png in Resources */,
				96269F5516DC4E47007D96BF /* ONA_MC3_logo@2x.png in Resources */,
				9601A51916DC64830050CD14 /* Icon.png in Resources */,
				9601A51B16DC64B00050CD14 /* Icon@2x.png in Resources */,
				96DEE37916E535C200402BB0 /* mccc2choriz.jpg in Resources */,
				9618953016E594EB007D3178 /* Localizable.strings in Resources */,
			);
			runOnlyForDeploymentPostprocessing = 0;
		};
/* End PBXResourcesBuildPhase section */

/* Begin PBXSourcesBuildPhase section */
		967725CC1611231F00D76B78 /* Sources */ = {
			isa = PBXSourcesBuildPhase;
			buildActionMask = 2147483647;
			files = (
				967725E11611231F00D76B78 /* main.m in Sources */,
				967725E51611231F00D76B78 /* MWZAppDelegate.m in Sources */,
				967725F11611231F00D76B78 /* MWZStreamViewController.m in Sources */,
				967725F81611231F00D76B78 /* MWZScheduleViewController.m in Sources */,
				963D0A681625E68400F24931 /* MWZAboutViewController.m in Sources */,
				963D0A7A1625F5EC00F24931 /* UIViewController+ErrorMessage.m in Sources */,
				C5E594751682382000FF53EA /* MWZPodcastShowListViewController.m in Sources */,
				C5E59478168238D900FF53EA /* MWZPodcastEpisodeListViewController.m in Sources */,
				C5E5947B1682395300FF53EA /* MWZPodcastPlayerViewController.m in Sources */,
				C5E5947E168242D300FF53EA /* MWZPodcastEpisode.m in Sources */,
				960575FA1682B3BB009AA40A /* MWZEpisodeTableViewCell.m in Sources */,
				9618953616E59986007D3178 /* Reachability.m in Sources */,
				9618953916E5A13D007D3178 /* MWZSharedReachability.m in Sources */,
			);
			runOnlyForDeploymentPostprocessing = 0;
		};
/* End PBXSourcesBuildPhase section */

/* Begin PBXVariantGroup section */
		9690F46D161629E700C04E0F /* MainStoryboard.storyboard */ = {
			isa = PBXVariantGroup;
			children = (
				9690F46E161629F700C04E0F /* Base */,
			);
			name = MainStoryboard.storyboard;
			sourceTree = "<group>";
		};
/* End PBXVariantGroup section */

/* Begin XCBuildConfiguration section */
		967725FD1611231F00D76B78 /* Debug */ = {
			isa = XCBuildConfiguration;
			buildSettings = {
				ALWAYS_SEARCH_USER_PATHS = NO;
				CLANG_CXX_LANGUAGE_STANDARD = "gnu++0x";
				CLANG_CXX_LIBRARY = "libc++";
				CLANG_ENABLE_OBJC_ARC = YES;
				CLANG_WARN_EMPTY_BODY = YES;
				CLANG_WARN__DUPLICATE_METHOD_MATCH = YES;
				CODE_SIGN_IDENTITY = "iPhone Developer: Jason Wertz (V6287BUUR8)";
				"CODE_SIGN_IDENTITY[sdk=iphoneos*]" = "iPhone Developer";
				COPY_PHASE_STRIP = NO;
				GCC_C_LANGUAGE_STANDARD = gnu99;
				GCC_DYNAMIC_NO_PIC = NO;
				GCC_OPTIMIZATION_LEVEL = 0;
				GCC_PREPROCESSOR_DEFINITIONS = (
					"DEBUG=1",
					"$(inherited)",
				);
				GCC_SYMBOLS_PRIVATE_EXTERN = NO;
				GCC_WARN_ABOUT_RETURN_TYPE = YES;
				GCC_WARN_UNINITIALIZED_AUTOS = YES;
				GCC_WARN_UNUSED_VARIABLE = YES;
				IPHONEOS_DEPLOYMENT_TARGET = 6.0;
				PROVISIONING_PROFILE = "9A0F9D84-CFA6-4BC0-A434-D6994F1BC694";
				"PROVISIONING_PROFILE[sdk=iphoneos*]" = "9A0F9D84-CFA6-4BC0-A434-D6994F1BC694";
				SDKROOT = iphoneos;
			};
			name = Debug;
		};
		967725FE1611231F00D76B78 /* Release */ = {
			isa = XCBuildConfiguration;
			buildSettings = {
				ALWAYS_SEARCH_USER_PATHS = NO;
				CLANG_CXX_LANGUAGE_STANDARD = "gnu++0x";
				CLANG_CXX_LIBRARY = "libc++";
				CLANG_ENABLE_OBJC_ARC = YES;
				CLANG_WARN_EMPTY_BODY = YES;
				CLANG_WARN__DUPLICATE_METHOD_MATCH = YES;
				CODE_SIGN_IDENTITY = "iPhone Developer: Jason Wertz (L37WPUNTVU)";
				"CODE_SIGN_IDENTITY[sdk=iphoneos*]" = "iPhone Developer";
				COPY_PHASE_STRIP = YES;
				GCC_C_LANGUAGE_STANDARD = gnu99;
				GCC_WARN_ABOUT_RETURN_TYPE = YES;
				GCC_WARN_UNINITIALIZED_AUTOS = YES;
				GCC_WARN_UNUSED_VARIABLE = YES;
				IPHONEOS_DEPLOYMENT_TARGET = 6.0;
				OTHER_CFLAGS = "-DNS_BLOCK_ASSERTIONS=1";
				PROVISIONING_PROFILE = "B6F0AF8B-72FD-4EDD-9B15-63DE6464C08C";
				SDKROOT = iphoneos;
				VALIDATE_PRODUCT = YES;
			};
			name = Release;
		};
		967726001611231F00D76B78 /* Debug */ = {
			isa = XCBuildConfiguration;
			buildSettings = {
				GCC_PRECOMPILE_PREFIX_HEADER = YES;
				GCC_PREFIX_HEADER = "MWZRadioStationStreamer/MWZRadioStationStreamer-Prefix.pch";
				INFOPLIST_FILE = "MWZRadioStationStreamer/MWZRadioStationStreamer-Info.plist";
				PRODUCT_NAME = "$(TARGET_NAME)";
				WRAPPER_EXTENSION = app;
			};
			name = Debug;
		};
		967726011611231F00D76B78 /* Release */ = {
			isa = XCBuildConfiguration;
			buildSettings = {
				GCC_PRECOMPILE_PREFIX_HEADER = YES;
				GCC_PREFIX_HEADER = "MWZRadioStationStreamer/MWZRadioStationStreamer-Prefix.pch";
				INFOPLIST_FILE = "MWZRadioStationStreamer/MWZRadioStationStreamer-Info.plist";
				PRODUCT_NAME = "$(TARGET_NAME)";
				WRAPPER_EXTENSION = app;
			};
			name = Release;
		};
/* End XCBuildConfiguration section */

/* Begin XCConfigurationList section */
		967725CA1611231F00D76B78 /* Build configuration list for PBXProject "MWZRadioStationStreamer" */ = {
			isa = XCConfigurationList;
			buildConfigurations = (
				967725FD1611231F00D76B78 /* Debug */,
				967725FE1611231F00D76B78 /* Release */,
			);
			defaultConfigurationIsVisible = 0;
			defaultConfigurationName = Release;
		};
		967725FF1611231F00D76B78 /* Build configuration list for PBXNativeTarget "MWZRadioStationStreamer" */ = {
			isa = XCConfigurationList;
			buildConfigurations = (
				967726001611231F00D76B78 /* Debug */,
				967726011611231F00D76B78 /* Release */,
			);
			defaultConfigurationIsVisible = 0;
			defaultConfigurationName = Release;
		};
/* End XCConfigurationList section */
	};
	rootObject = 967725C71611231F00D76B78 /* Project object */;
}
